{
    "_meta": {
        "hash": {
            "sha256": "76a0a2230ef473d97656099cd19a80bb8baf793081a442cb5f18b6cdcc9ada31"
        },
        "pipfile-spec": 6,
        "requires": {
            "python_version": "3.10"
        },
        "sources": [
            {
                "name": "pypi",
                "url": "https://pypi.org/simple",
                "verify_ssl": true
            }
        ]
    },
    "default": {
        "pysdl2": {
            "hashes": [
                "sha256:24091f8d9e437646591c7f76d5baeee3d3aa6cd8ae492a51c7026e53389f187a"
            ],
            "index": "pypi",
            "version": "==0.9.14"
        }
    },
    "develop": {}
}
